// !$*UTF8*$!
{
	archiveVersion = 1;
	classes = {
	};
	objectVersion = 46;
	objects = {

/* Begin PBXBuildFile section */
		160267FF1F451A1B00C586D4 /* Users.swift in Sources */ = {isa = PBXBuildFile; fileRef = 160267FE1F451A1B00C586D4 /* Users.swift */; };
		160FEC4E1F40DB5F001799D0 /* CustomHeader.swift in Sources */ = {isa = PBXBuildFile; fileRef = 160FEC4D1F40DB5F001799D0 /* CustomHeader.swift */; };
		160FEC501F40DDC4001799D0 /* FeedProfilePic.swift in Sources */ = {isa = PBXBuildFile; fileRef = 160FEC4F1F40DDC4001799D0 /* FeedProfilePic.swift */; };
		160FEC521F40E9E0001799D0 /* FeedCell.swift in Sources */ = {isa = PBXBuildFile; fileRef = 160FEC511F40E9E0001799D0 /* FeedCell.swift */; };
		1615C1671F658BAB00D3DC01 /* ProfileVC.swift in Sources */ = {isa = PBXBuildFile; fileRef = 1615C1661F658BAB00D3DC01 /* ProfileVC.swift */; };
		1616AC201F747B31004865C9 /* EditProfileVC.swift in Sources */ = {isa = PBXBuildFile; fileRef = 1616AC1F1F747B31004865C9 /* EditProfileVC.swift */; };
		16276E6E1F43AA1C00718CE9 /* Constants.swift in Sources */ = {isa = PBXBuildFile; fileRef = 16276E6D1F43AA1C00718CE9 /* Constants.swift */; };
		163E92511F3BBC720012D37F /* RoundedView.swift in Sources */ = {isa = PBXBuildFile; fileRef = 163E92501F3BBC720012D37F /* RoundedView.swift */; };
		164D81791F3A7D3400C8AD6E /* AppDelegate.swift in Sources */ = {isa = PBXBuildFile; fileRef = 164D81781F3A7D3400C8AD6E /* AppDelegate.swift */; };
		164D817B1F3A7D3400C8AD6E /* LoginVC.swift in Sources */ = {isa = PBXBuildFile; fileRef = 164D817A1F3A7D3400C8AD6E /* LoginVC.swift */; };
		164D817E1F3A7D3400C8AD6E /* Main.storyboard in Resources */ = {isa = PBXBuildFile; fileRef = 164D817C1F3A7D3400C8AD6E /* Main.storyboard */; };
		164D81801F3A7D3400C8AD6E /* Assets.xcassets in Resources */ = {isa = PBXBuildFile; fileRef = 164D817F1F3A7D3400C8AD6E /* Assets.xcassets */; };
		164D81831F3A7D3400C8AD6E /* LaunchScreen.storyboard in Resources */ = {isa = PBXBuildFile; fileRef = 164D81811F3A7D3400C8AD6E /* LaunchScreen.storyboard */; };
		164D818E1F3A7D3400C8AD6E /* passive_hangoutTests.swift in Sources */ = {isa = PBXBuildFile; fileRef = 164D818D1F3A7D3400C8AD6E /* passive_hangoutTests.swift */; };
		164D81991F3A7D3400C8AD6E /* passive_hangoutUITests.swift in Sources */ = {isa = PBXBuildFile; fileRef = 164D81981F3A7D3400C8AD6E /* passive_hangoutUITests.swift */; };
		167284361F3F760500F4D8D9 /* ActivityFeedVC.swift in Sources */ = {isa = PBXBuildFile; fileRef = 167284351F3F760500F4D8D9 /* ActivityFeedVC.swift */; };
		167284381F3F792500F4D8D9 /* GoogleService-Info.plist in Resources */ = {isa = PBXBuildFile; fileRef = 167284371F3F792500F4D8D9 /* GoogleService-Info.plist */; };
		167284391F3F792500F4D8D9 /* GoogleService-Info.plist in Resources */ = {isa = PBXBuildFile; fileRef = 167284371F3F792500F4D8D9 /* GoogleService-Info.plist */; };
		1672843A1F3F792500F4D8D9 /* GoogleService-Info.plist in Resources */ = {isa = PBXBuildFile; fileRef = 167284371F3F792500F4D8D9 /* GoogleService-Info.plist */; };
		167540171F3E7F0C00E86A32 /* SignUpVC.swift in Sources */ = {isa = PBXBuildFile; fileRef = 167540161F3E7F0C00E86A32 /* SignUpVC.swift */; };
		167540191F3E88F900E86A32 /* SegueFromLeftToRight.swift in Sources */ = {isa = PBXBuildFile; fileRef = 167540181F3E88F900E86A32 /* SegueFromLeftToRight.swift */; };
		1675401B1F3E8A2800E86A32 /* SegueFromRightToLeft.swift in Sources */ = {isa = PBXBuildFile; fileRef = 1675401A1F3E8A2800E86A32 /* SegueFromRightToLeft.swift */; };
		167686331F4261D70029595A /* Status.swift in Sources */ = {isa = PBXBuildFile; fileRef = 167686321F4261D70029595A /* Status.swift */; };
		168A326E1F3AAEB500216FF1 /* RoundedButton.swift in Sources */ = {isa = PBXBuildFile; fileRef = 168A326D1F3AAEB500216FF1 /* RoundedButton.swift */; };
		168D6BEA1F4CEA8200D29DCA /* CircleButton.swift in Sources */ = {isa = PBXBuildFile; fileRef = 168D6BE91F4CEA8200D29DCA /* CircleButton.swift */; };
		168D6BEC1F4CF02500D29DCA /* RoundedPopUp.swift in Sources */ = {isa = PBXBuildFile; fileRef = 168D6BEB1F4CF02500D29DCA /* RoundedPopUp.swift */; };
		168D6BEE1F4CF7C200D29DCA /* NewStatusTextView.swift in Sources */ = {isa = PBXBuildFile; fileRef = 168D6BED1F4CF7C200D29DCA /* NewStatusTextView.swift */; };
		16D7AFBE1F7C18FF009F317B /* FriendsListVC.swift in Sources */ = {isa = PBXBuildFile; fileRef = 16D7AFBD1F7C18FF009F317B /* FriendsListVC.swift */; };
		16D7AFC21F7C2312009F317B /* FriendsListCell.swift in Sources */ = {isa = PBXBuildFile; fileRef = 16D7AFC11F7C2312009F317B /* FriendsListCell.swift */; };
		16D7AFC41F7C5D4E009F317B /* FriendsListCellDelegate.swift in Sources */ = {isa = PBXBuildFile; fileRef = 16D7AFC31F7C5D4E009F317B /* FriendsListCellDelegate.swift */; };
		16D8151E1F69F68500934516 /* PastStatusesVC.swift in Sources */ = {isa = PBXBuildFile; fileRef = 16D8151D1F69F68500934516 /* PastStatusesVC.swift */; };
		16D815201F69F80F00934516 /* PastStatusesCell.swift in Sources */ = {isa = PBXBuildFile; fileRef = 16D8151F1F69F80F00934516 /* PastStatusesCell.swift */; };
		16E578931F8081F8003B41FB /* JoinedListVC.swift in Sources */ = {isa = PBXBuildFile; fileRef = 16E578921F8081F8003B41FB /* JoinedListVC.swift */; };
		16E578951F8084C3003B41FB /* JoinedListCell.swift in Sources */ = {isa = PBXBuildFile; fileRef = 16E578941F8084C3003B41FB /* JoinedListCell.swift */; };
		16E578971F809673003B41FB /* JoinedListCellDelegate.swift in Sources */ = {isa = PBXBuildFile; fileRef = 16E578961F809673003B41FB /* JoinedListCellDelegate.swift */; };
		16E6231F1F7B08D5001BEDBA /* LeaveFeedbackVC.swift in Sources */ = {isa = PBXBuildFile; fileRef = 16E6231E1F7B08D5001BEDBA /* LeaveFeedbackVC.swift */; };
		16E8A5C41F7DB32E00E717F0 /* ViewProfileVC.swift in Sources */ = {isa = PBXBuildFile; fileRef = 16E8A5C31F7DB32E00E717F0 /* ViewProfileVC.swift */; };
		16EC5C651F413D4C0011BDF5 /* DataService.swift in Sources */ = {isa = PBXBuildFile; fileRef = 16EC5C641F413D4C0011BDF5 /* DataService.swift */; };
		16F3CC3E1F8137820095C210 /* FeedCellDelegate.swift in Sources */ = {isa = PBXBuildFile; fileRef = 16F3CC3D1F8137820095C210 /* FeedCellDelegate.swift */; };
		16FE2EDA1F71E01500A24B7D /* PastStatusCellDelegate.swift in Sources */ = {isa = PBXBuildFile; fileRef = 16FE2ED91F71E01500A24B7D /* PastStatusCellDelegate.swift */; };
		33F9BAD66845D7C5A9087859 /* Pods_passive_hangoutTests.framework in Frameworks */ = {isa = PBXBuildFile; fileRef = 4437FA57E169EE59334C47ED /* Pods_passive_hangoutTests.framework */; };
		43AA41B926321D9D88D27487 /* Pods_passive_hangout.framework in Frameworks */ = {isa = PBXBuildFile; fileRef = C00D6A327E5D000460F246F6 /* Pods_passive_hangout.framework */; };
		57CF2EE49AB5E3C2F31858E9 /* Pods_passive_hangoutUITests.framework in Frameworks */ = {isa = PBXBuildFile; fileRef = DBC93D3FC5EE1B067C09A482 /* Pods_passive_hangoutUITests.framework */; };
/* End PBXBuildFile section */

/* Begin PBXContainerItemProxy section */
		164D818A1F3A7D3400C8AD6E /* PBXContainerItemProxy */ = {
			isa = PBXContainerItemProxy;
			containerPortal = 164D816D1F3A7D3400C8AD6E /* Project object */;
			proxyType = 1;
			remoteGlobalIDString = 164D81741F3A7D3400C8AD6E;
			remoteInfo = "passive-hangout";
		};
		164D81951F3A7D3400C8AD6E /* PBXContainerItemProxy */ = {
			isa = PBXContainerItemProxy;
			containerPortal = 164D816D1F3A7D3400C8AD6E /* Project object */;
			proxyType = 1;
			remoteGlobalIDString = 164D81741F3A7D3400C8AD6E;
			remoteInfo = "passive-hangout";
		};
/* End PBXContainerItemProxy section */

/* Begin PBXFileReference section */
		160267FE1F451A1B00C586D4 /* Users.swift */ = {isa = PBXFileReference; fileEncoding = 4; lastKnownFileType = sourcecode.swift; path = Users.swift; sourceTree = "<group>"; };
		160FEC4D1F40DB5F001799D0 /* CustomHeader.swift */ = {isa = PBXFileReference; fileEncoding = 4; lastKnownFileType = sourcecode.swift; path = CustomHeader.swift; sourceTree = "<group>"; };
		160FEC4F1F40DDC4001799D0 /* FeedProfilePic.swift */ = {isa = PBXFileReference; fileEncoding = 4; lastKnownFileType = sourcecode.swift; path = FeedProfilePic.swift; sourceTree = "<group>"; };
		160FEC511F40E9E0001799D0 /* FeedCell.swift */ = {isa = PBXFileReference; fileEncoding = 4; lastKnownFileType = sourcecode.swift; path = FeedCell.swift; sourceTree = "<group>"; };
		1615C1661F658BAB00D3DC01 /* ProfileVC.swift */ = {isa = PBXFileReference; fileEncoding = 4; lastKnownFileType = sourcecode.swift; path = ProfileVC.swift; sourceTree = "<group>"; };
		1616AC1F1F747B31004865C9 /* EditProfileVC.swift */ = {isa = PBXFileReference; fileEncoding = 4; lastKnownFileType = sourcecode.swift; path = EditProfileVC.swift; sourceTree = "<group>"; };
		16276E6D1F43AA1C00718CE9 /* Constants.swift */ = {isa = PBXFileReference; fileEncoding = 4; lastKnownFileType = sourcecode.swift; path = Constants.swift; sourceTree = "<group>"; };
		163E92501F3BBC720012D37F /* RoundedView.swift */ = {isa = PBXFileReference; fileEncoding = 4; lastKnownFileType = sourcecode.swift; path = RoundedView.swift; sourceTree = "<group>"; };
		164D81751F3A7D3400C8AD6E /* passive-hangout.app */ = {isa = PBXFileReference; explicitFileType = wrapper.application; includeInIndex = 0; path = "passive-hangout.app"; sourceTree = BUILT_PRODUCTS_DIR; };
		164D81781F3A7D3400C8AD6E /* AppDelegate.swift */ = {isa = PBXFileReference; lastKnownFileType = sourcecode.swift; path = AppDelegate.swift; sourceTree = "<group>"; };
		164D817A1F3A7D3400C8AD6E /* LoginVC.swift */ = {isa = PBXFileReference; lastKnownFileType = sourcecode.swift; name = LoginVC.swift; path = "passive-hangout/LoginVC.swift"; sourceTree = "<group>"; };
		164D817D1F3A7D3400C8AD6E /* Base */ = {isa = PBXFileReference; lastKnownFileType = file.storyboard; name = Base; path = Base.lproj/Main.storyboard; sourceTree = "<group>"; };
		164D817F1F3A7D3400C8AD6E /* Assets.xcassets */ = {isa = PBXFileReference; lastKnownFileType = folder.assetcatalog; path = Assets.xcassets; sourceTree = "<group>"; };
		164D81821F3A7D3400C8AD6E /* Base */ = {isa = PBXFileReference; lastKnownFileType = file.storyboard; name = Base; path = Base.lproj/LaunchScreen.storyboard; sourceTree = "<group>"; };
		164D81841F3A7D3400C8AD6E /* Info.plist */ = {isa = PBXFileReference; lastKnownFileType = text.plist.xml; path = Info.plist; sourceTree = "<group>"; };
		164D81891F3A7D3400C8AD6E /* passive-hangoutTests.xctest */ = {isa = PBXFileReference; explicitFileType = wrapper.cfbundle; includeInIndex = 0; path = "passive-hangoutTests.xctest"; sourceTree = BUILT_PRODUCTS_DIR; };
		164D818D1F3A7D3400C8AD6E /* passive_hangoutTests.swift */ = {isa = PBXFileReference; lastKnownFileType = sourcecode.swift; path = passive_hangoutTests.swift; sourceTree = "<group>"; };
		164D818F1F3A7D3400C8AD6E /* Info.plist */ = {isa = PBXFileReference; lastKnownFileType = text.plist.xml; path = Info.plist; sourceTree = "<group>"; };
		164D81941F3A7D3400C8AD6E /* passive-hangoutUITests.xctest */ = {isa = PBXFileReference; explicitFileType = wrapper.cfbundle; includeInIndex = 0; path = "passive-hangoutUITests.xctest"; sourceTree = BUILT_PRODUCTS_DIR; };
		164D81981F3A7D3400C8AD6E /* passive_hangoutUITests.swift */ = {isa = PBXFileReference; lastKnownFileType = sourcecode.swift; path = passive_hangoutUITests.swift; sourceTree = "<group>"; };
		164D819A1F3A7D3400C8AD6E /* Info.plist */ = {isa = PBXFileReference; lastKnownFileType = text.plist.xml; path = Info.plist; sourceTree = "<group>"; };
		167284351F3F760500F4D8D9 /* ActivityFeedVC.swift */ = {isa = PBXFileReference; fileEncoding = 4; lastKnownFileType = sourcecode.swift; path = ActivityFeedVC.swift; sourceTree = "<group>"; };
		167284371F3F792500F4D8D9 /* GoogleService-Info.plist */ = {isa = PBXFileReference; fileEncoding = 4; lastKnownFileType = text.plist.xml; path = "GoogleService-Info.plist"; sourceTree = "<group>"; };
		167284411F3FF39700F4D8D9 /* passive-hangout.entitlements */ = {isa = PBXFileReference; lastKnownFileType = text.plist.entitlements; path = "passive-hangout.entitlements"; sourceTree = "<group>"; };
		167540161F3E7F0C00E86A32 /* SignUpVC.swift */ = {isa = PBXFileReference; fileEncoding = 4; lastKnownFileType = sourcecode.swift; path = SignUpVC.swift; sourceTree = "<group>"; };
		167540181F3E88F900E86A32 /* SegueFromLeftToRight.swift */ = {isa = PBXFileReference; fileEncoding = 4; lastKnownFileType = sourcecode.swift; path = SegueFromLeftToRight.swift; sourceTree = "<group>"; };
		1675401A1F3E8A2800E86A32 /* SegueFromRightToLeft.swift */ = {isa = PBXFileReference; fileEncoding = 4; lastKnownFileType = sourcecode.swift; path = SegueFromRightToLeft.swift; sourceTree = "<group>"; };
		167686321F4261D70029595A /* Status.swift */ = {isa = PBXFileReference; fileEncoding = 4; lastKnownFileType = sourcecode.swift; path = Status.swift; sourceTree = "<group>"; };
		168A326D1F3AAEB500216FF1 /* RoundedButton.swift */ = {isa = PBXFileReference; fileEncoding = 4; lastKnownFileType = sourcecode.swift; path = RoundedButton.swift; sourceTree = "<group>"; };
		168D6BE91F4CEA8200D29DCA /* CircleButton.swift */ = {isa = PBXFileReference; fileEncoding = 4; lastKnownFileType = sourcecode.swift; path = CircleButton.swift; sourceTree = "<group>"; };
		168D6BEB1F4CF02500D29DCA /* RoundedPopUp.swift */ = {isa = PBXFileReference; fileEncoding = 4; lastKnownFileType = sourcecode.swift; path = RoundedPopUp.swift; sourceTree = "<group>"; };
		168D6BED1F4CF7C200D29DCA /* NewStatusTextView.swift */ = {isa = PBXFileReference; fileEncoding = 4; lastKnownFileType = sourcecode.swift; path = NewStatusTextView.swift; sourceTree = "<group>"; };
		16D7AFBD1F7C18FF009F317B /* FriendsListVC.swift */ = {isa = PBXFileReference; fileEncoding = 4; lastKnownFileType = sourcecode.swift; path = FriendsListVC.swift; sourceTree = "<group>"; };
		16D7AFC11F7C2312009F317B /* FriendsListCell.swift */ = {isa = PBXFileReference; fileEncoding = 4; lastKnownFileType = sourcecode.swift; path = FriendsListCell.swift; sourceTree = "<group>"; };
		16D7AFC31F7C5D4E009F317B /* FriendsListCellDelegate.swift */ = {isa = PBXFileReference; fileEncoding = 4; lastKnownFileType = sourcecode.swift; path = FriendsListCellDelegate.swift; sourceTree = "<group>"; };
		16D8151D1F69F68500934516 /* PastStatusesVC.swift */ = {isa = PBXFileReference; fileEncoding = 4; lastKnownFileType = sourcecode.swift; path = PastStatusesVC.swift; sourceTree = "<group>"; };
		16D8151F1F69F80F00934516 /* PastStatusesCell.swift */ = {isa = PBXFileReference; fileEncoding = 4; lastKnownFileType = sourcecode.swift; path = PastStatusesCell.swift; sourceTree = "<group>"; };
		16E578921F8081F8003B41FB /* JoinedListVC.swift */ = {isa = PBXFileReference; fileEncoding = 4; lastKnownFileType = sourcecode.swift; path = JoinedListVC.swift; sourceTree = "<group>"; };
		16E578941F8084C3003B41FB /* JoinedListCell.swift */ = {isa = PBXFileReference; fileEncoding = 4; lastKnownFileType = sourcecode.swift; path = JoinedListCell.swift; sourceTree = "<group>"; };
		16E578961F809673003B41FB /* JoinedListCellDelegate.swift */ = {isa = PBXFileReference; fileEncoding = 4; lastKnownFileType = sourcecode.swift; path = JoinedListCellDelegate.swift; sourceTree = "<group>"; };
		16E6231E1F7B08D5001BEDBA /* LeaveFeedbackVC.swift */ = {isa = PBXFileReference; fileEncoding = 4; lastKnownFileType = sourcecode.swift; path = LeaveFeedbackVC.swift; sourceTree = "<group>"; };
		16E8A5C31F7DB32E00E717F0 /* ViewProfileVC.swift */ = {isa = PBXFileReference; fileEncoding = 4; lastKnownFileType = sourcecode.swift; path = ViewProfileVC.swift; sourceTree = "<group>"; };
		16EC5C641F413D4C0011BDF5 /* DataService.swift */ = {isa = PBXFileReference; fileEncoding = 4; lastKnownFileType = sourcecode.swift; path = DataService.swift; sourceTree = "<group>"; };
		16F3CC3D1F8137820095C210 /* FeedCellDelegate.swift */ = {isa = PBXFileReference; fileEncoding = 4; lastKnownFileType = sourcecode.swift; path = FeedCellDelegate.swift; sourceTree = "<group>"; };
		16FE2ED91F71E01500A24B7D /* PastStatusCellDelegate.swift */ = {isa = PBXFileReference; fileEncoding = 4; lastKnownFileType = sourcecode.swift; path = PastStatusCellDelegate.swift; sourceTree = "<group>"; };
		39C0C944BC330723009222CB /* Pods-passive-hangout.debug.xcconfig */ = {isa = PBXFileReference; includeInIndex = 1; lastKnownFileType = text.xcconfig; name = "Pods-passive-hangout.debug.xcconfig"; path = "Pods/Target Support Files/Pods-passive-hangout/Pods-passive-hangout.debug.xcconfig"; sourceTree = "<group>"; };
		4437FA57E169EE59334C47ED /* Pods_passive_hangoutTests.framework */ = {isa = PBXFileReference; explicitFileType = wrapper.framework; includeInIndex = 0; path = Pods_passive_hangoutTests.framework; sourceTree = BUILT_PRODUCTS_DIR; };
		4E0D6D2E6B8D461AAC00C567 /* Pods-passive-hangoutTests.release.xcconfig */ = {isa = PBXFileReference; includeInIndex = 1; lastKnownFileType = text.xcconfig; name = "Pods-passive-hangoutTests.release.xcconfig"; path = "Pods/Target Support Files/Pods-passive-hangoutTests/Pods-passive-hangoutTests.release.xcconfig"; sourceTree = "<group>"; };
		5871EAB2CFE9E4013A893EC3 /* Pods-passive-hangout.release.xcconfig */ = {isa = PBXFileReference; includeInIndex = 1; lastKnownFileType = text.xcconfig; name = "Pods-passive-hangout.release.xcconfig"; path = "Pods/Target Support Files/Pods-passive-hangout/Pods-passive-hangout.release.xcconfig"; sourceTree = "<group>"; };
		60E4722C5CB6B5D2093E3070 /* Pods-passive-hangoutUITests.release.xcconfig */ = {isa = PBXFileReference; includeInIndex = 1; lastKnownFileType = text.xcconfig; name = "Pods-passive-hangoutUITests.release.xcconfig"; path = "Pods/Target Support Files/Pods-passive-hangoutUITests/Pods-passive-hangoutUITests.release.xcconfig"; sourceTree = "<group>"; };
		A4E19BDFAFF490245E9F3FCE /* Pods-passive-hangoutTests.debug.xcconfig */ = {isa = PBXFileReference; includeInIndex = 1; lastKnownFileType = text.xcconfig; name = "Pods-passive-hangoutTests.debug.xcconfig"; path = "Pods/Target Support Files/Pods-passive-hangoutTests/Pods-passive-hangoutTests.debug.xcconfig"; sourceTree = "<group>"; };
		C00D6A327E5D000460F246F6 /* Pods_passive_hangout.framework */ = {isa = PBXFileReference; explicitFileType = wrapper.framework; includeInIndex = 0; path = Pods_passive_hangout.framework; sourceTree = BUILT_PRODUCTS_DIR; };
		DBC93D3FC5EE1B067C09A482 /* Pods_passive_hangoutUITests.framework */ = {isa = PBXFileReference; explicitFileType = wrapper.framework; includeInIndex = 0; path = Pods_passive_hangoutUITests.framework; sourceTree = BUILT_PRODUCTS_DIR; };
		EF4DB1F649370E7712F72DB7 /* Pods-passive-hangoutUITests.debug.xcconfig */ = {isa = PBXFileReference; includeInIndex = 1; lastKnownFileType = text.xcconfig; name = "Pods-passive-hangoutUITests.debug.xcconfig"; path = "Pods/Target Support Files/Pods-passive-hangoutUITests/Pods-passive-hangoutUITests.debug.xcconfig"; sourceTree = "<group>"; };
/* End PBXFileReference section */

/* Begin PBXFrameworksBuildPhase section */
		164D81721F3A7D3400C8AD6E /* Frameworks */ = {
			isa = PBXFrameworksBuildPhase;
			buildActionMask = 2147483647;
			files = (
				43AA41B926321D9D88D27487 /* Pods_passive_hangout.framework in Frameworks */,
			);
			runOnlyForDeploymentPostprocessing = 0;
		};
		164D81861F3A7D3400C8AD6E /* Frameworks */ = {
			isa = PBXFrameworksBuildPhase;
			buildActionMask = 2147483647;
			files = (
				33F9BAD66845D7C5A9087859 /* Pods_passive_hangoutTests.framework in Frameworks */,
			);
			runOnlyForDeploymentPostprocessing = 0;
		};
		164D81911F3A7D3400C8AD6E /* Frameworks */ = {
			isa = PBXFrameworksBuildPhase;
			buildActionMask = 2147483647;
			files = (
				57CF2EE49AB5E3C2F31858E9 /* Pods_passive_hangoutUITests.framework in Frameworks */,
			);
			runOnlyForDeploymentPostprocessing = 0;
		};
/* End PBXFrameworksBuildPhase section */

/* Begin PBXGroup section */
		16276E6C1F43AA0200718CE9 /* Util */ = {
			isa = PBXGroup;
			children = (
				16276E6D1F43AA1C00718CE9 /* Constants.swift */,
			);
			name = Util;
			sourceTree = "<group>";
		};
		164D816C1F3A7D3400C8AD6E = {
			isa = PBXGroup;
			children = (
				16276E6C1F43AA0200718CE9 /* Util */,
				16EC5C631F413D2A0011BDF5 /* Services */,
				164D81A61F3A837500C8AD6E /* Model */,
				164D81A71F3A837D00C8AD6E /* View */,
				164D81A81F3A838100C8AD6E /* Controller */,
				164D81771F3A7D3400C8AD6E /* passive-hangout */,
				164D818C1F3A7D3400C8AD6E /* passive-hangoutTests */,
				164D81971F3A7D3400C8AD6E /* passive-hangoutUITests */,
				164D81761F3A7D3400C8AD6E /* Products */,
				3EBE86830F739EE09317E24C /* Pods */,
				DAB19BB0C8BA1EFC25C9CBF8 /* Frameworks */,
			);
			sourceTree = "<group>";
		};
		164D81761F3A7D3400C8AD6E /* Products */ = {
			isa = PBXGroup;
			children = (
				164D81751F3A7D3400C8AD6E /* passive-hangout.app */,
				164D81891F3A7D3400C8AD6E /* passive-hangoutTests.xctest */,
				164D81941F3A7D3400C8AD6E /* passive-hangoutUITests.xctest */,
			);
			name = Products;
			sourceTree = "<group>";
		};
		164D81771F3A7D3400C8AD6E /* passive-hangout */ = {
			isa = PBXGroup;
			children = (
				167284411F3FF39700F4D8D9 /* passive-hangout.entitlements */,
				164D81781F3A7D3400C8AD6E /* AppDelegate.swift */,
				164D817C1F3A7D3400C8AD6E /* Main.storyboard */,
				164D817F1F3A7D3400C8AD6E /* Assets.xcassets */,
				164D81811F3A7D3400C8AD6E /* LaunchScreen.storyboard */,
				164D81841F3A7D3400C8AD6E /* Info.plist */,
				167284371F3F792500F4D8D9 /* GoogleService-Info.plist */,
			);
			path = "passive-hangout";
			sourceTree = "<group>";
		};
		164D818C1F3A7D3400C8AD6E /* passive-hangoutTests */ = {
			isa = PBXGroup;
			children = (
				164D818D1F3A7D3400C8AD6E /* passive_hangoutTests.swift */,
				164D818F1F3A7D3400C8AD6E /* Info.plist */,
			);
			path = "passive-hangoutTests";
			sourceTree = "<group>";
		};
		164D81971F3A7D3400C8AD6E /* passive-hangoutUITests */ = {
			isa = PBXGroup;
			children = (
				164D81981F3A7D3400C8AD6E /* passive_hangoutUITests.swift */,
				164D819A1F3A7D3400C8AD6E /* Info.plist */,
			);
			path = "passive-hangoutUITests";
			sourceTree = "<group>";
		};
		164D81A61F3A837500C8AD6E /* Model */ = {
			isa = PBXGroup;
			children = (
				167686321F4261D70029595A /* Status.swift */,
				160267FE1F451A1B00C586D4 /* Users.swift */,
			);
			name = Model;
			sourceTree = "<group>";
		};
		164D81A71F3A837D00C8AD6E /* View */ = {
			isa = PBXGroup;
			children = (
				168A326D1F3AAEB500216FF1 /* RoundedButton.swift */,
				163E92501F3BBC720012D37F /* RoundedView.swift */,
				167540181F3E88F900E86A32 /* SegueFromLeftToRight.swift */,
				1675401A1F3E8A2800E86A32 /* SegueFromRightToLeft.swift */,
				160FEC4D1F40DB5F001799D0 /* CustomHeader.swift */,
				160FEC4F1F40DDC4001799D0 /* FeedProfilePic.swift */,
				160FEC511F40E9E0001799D0 /* FeedCell.swift */,
				16F3CC3D1F8137820095C210 /* FeedCellDelegate.swift */,
				168D6BE91F4CEA8200D29DCA /* CircleButton.swift */,
				168D6BEB1F4CF02500D29DCA /* RoundedPopUp.swift */,
				168D6BED1F4CF7C200D29DCA /* NewStatusTextView.swift */,
				16D8151F1F69F80F00934516 /* PastStatusesCell.swift */,
				16FE2ED91F71E01500A24B7D /* PastStatusCellDelegate.swift */,
				16D7AFC11F7C2312009F317B /* FriendsListCell.swift */,
				16D7AFC31F7C5D4E009F317B /* FriendsListCellDelegate.swift */,
				16E578941F8084C3003B41FB /* JoinedListCell.swift */,
				16E578961F809673003B41FB /* JoinedListCellDelegate.swift */,
			);
			name = View;
			sourceTree = "<group>";
		};
		164D81A81F3A838100C8AD6E /* Controller */ = {
			isa = PBXGroup;
			children = (
				164D817A1F3A7D3400C8AD6E /* LoginVC.swift */,
				167540161F3E7F0C00E86A32 /* SignUpVC.swift */,
				167284351F3F760500F4D8D9 /* ActivityFeedVC.swift */,
				1615C1661F658BAB00D3DC01 /* ProfileVC.swift */,
				16D8151D1F69F68500934516 /* PastStatusesVC.swift */,
				1616AC1F1F747B31004865C9 /* EditProfileVC.swift */,
				16E6231E1F7B08D5001BEDBA /* LeaveFeedbackVC.swift */,
				16D7AFBD1F7C18FF009F317B /* FriendsListVC.swift */,
				16E8A5C31F7DB32E00E717F0 /* ViewProfileVC.swift */,
				16E578921F8081F8003B41FB /* JoinedListVC.swift */,
			);
			name = Controller;
			sourceTree = "<group>";
		};
		16EC5C631F413D2A0011BDF5 /* Services */ = {
			isa = PBXGroup;
			children = (
				16EC5C641F413D4C0011BDF5 /* DataService.swift */,
			);
			name = Services;
			sourceTree = "<group>";
		};
		3EBE86830F739EE09317E24C /* Pods */ = {
			isa = PBXGroup;
			children = (
				39C0C944BC330723009222CB /* Pods-passive-hangout.debug.xcconfig */,
				5871EAB2CFE9E4013A893EC3 /* Pods-passive-hangout.release.xcconfig */,
				A4E19BDFAFF490245E9F3FCE /* Pods-passive-hangoutTests.debug.xcconfig */,
				4E0D6D2E6B8D461AAC00C567 /* Pods-passive-hangoutTests.release.xcconfig */,
				EF4DB1F649370E7712F72DB7 /* Pods-passive-hangoutUITests.debug.xcconfig */,
				60E4722C5CB6B5D2093E3070 /* Pods-passive-hangoutUITests.release.xcconfig */,
			);
			name = Pods;
			sourceTree = "<group>";
		};
		DAB19BB0C8BA1EFC25C9CBF8 /* Frameworks */ = {
			isa = PBXGroup;
			children = (
				C00D6A327E5D000460F246F6 /* Pods_passive_hangout.framework */,
				4437FA57E169EE59334C47ED /* Pods_passive_hangoutTests.framework */,
				DBC93D3FC5EE1B067C09A482 /* Pods_passive_hangoutUITests.framework */,
			);
			name = Frameworks;
			sourceTree = "<group>";
		};
/* End PBXGroup section */

/* Begin PBXNativeTarget section */
		164D81741F3A7D3400C8AD6E /* passive-hangout */ = {
			isa = PBXNativeTarget;
			buildConfigurationList = 164D819D1F3A7D3400C8AD6E /* Build configuration list for PBXNativeTarget "passive-hangout" */;
			buildPhases = (
				1304323FE7E9FD7DAEB9415D /* [CP] Check Pods Manifest.lock */,
				164D81711F3A7D3400C8AD6E /* Sources */,
				164D81721F3A7D3400C8AD6E /* Frameworks */,
				164D81731F3A7D3400C8AD6E /* Resources */,
				E044EFDDC18F4F173717B1F1 /* [CP] Embed Pods Frameworks */,
				49527B3F2F2D4382A5C8686E /* [CP] Copy Pods Resources */,
			);
			buildRules = (
			);
			dependencies = (
			);
			name = "passive-hangout";
			productName = "passive-hangout";
			productReference = 164D81751F3A7D3400C8AD6E /* passive-hangout.app */;
			productType = "com.apple.product-type.application";
		};
		164D81881F3A7D3400C8AD6E /* passive-hangoutTests */ = {
			isa = PBXNativeTarget;
			buildConfigurationList = 164D81A01F3A7D3400C8AD6E /* Build configuration list for PBXNativeTarget "passive-hangoutTests" */;
			buildPhases = (
				A31D5141862D832FD861935F /* [CP] Check Pods Manifest.lock */,
				164D81851F3A7D3400C8AD6E /* Sources */,
				164D81861F3A7D3400C8AD6E /* Frameworks */,
				164D81871F3A7D3400C8AD6E /* Resources */,
				1F32C104E210C8C3F89A80DF /* [CP] Embed Pods Frameworks */,
				422D90352C4D1F30BDAB9CBA /* [CP] Copy Pods Resources */,
			);
			buildRules = (
			);
			dependencies = (
				164D818B1F3A7D3400C8AD6E /* PBXTargetDependency */,
			);
			name = "passive-hangoutTests";
			productName = "passive-hangoutTests";
			productReference = 164D81891F3A7D3400C8AD6E /* passive-hangoutTests.xctest */;
			productType = "com.apple.product-type.bundle.unit-test";
		};
		164D81931F3A7D3400C8AD6E /* passive-hangoutUITests */ = {
			isa = PBXNativeTarget;
			buildConfigurationList = 164D81A31F3A7D3400C8AD6E /* Build configuration list for PBXNativeTarget "passive-hangoutUITests" */;
			buildPhases = (
				CBA4000A8307A0C8EB46E558 /* [CP] Check Pods Manifest.lock */,
				164D81901F3A7D3400C8AD6E /* Sources */,
				164D81911F3A7D3400C8AD6E /* Frameworks */,
				164D81921F3A7D3400C8AD6E /* Resources */,
				411E3E51A204AF44C7C47F7C /* [CP] Embed Pods Frameworks */,
				087F5F8908FED3EE23C6D1A7 /* [CP] Copy Pods Resources */,
			);
			buildRules = (
			);
			dependencies = (
				164D81961F3A7D3400C8AD6E /* PBXTargetDependency */,
			);
			name = "passive-hangoutUITests";
			productName = "passive-hangoutUITests";
			productReference = 164D81941F3A7D3400C8AD6E /* passive-hangoutUITests.xctest */;
			productType = "com.apple.product-type.bundle.ui-testing";
		};
/* End PBXNativeTarget section */

/* Begin PBXProject section */
		164D816D1F3A7D3400C8AD6E /* Project object */ = {
			isa = PBXProject;
			attributes = {
				LastSwiftUpdateCheck = 0830;
				LastUpgradeCheck = 0830;
				ORGANIZATIONNAME = "Jacob Shoemaker";
				TargetAttributes = {
					164D81741F3A7D3400C8AD6E = {
						CreatedOnToolsVersion = 8.3.3;
						DevelopmentTeam = XSV447RL82;
						ProvisioningStyle = Automatic;
						SystemCapabilities = {
							com.apple.Keychain = {
								enabled = 1;
							};
						};
					};
					164D81881F3A7D3400C8AD6E = {
						CreatedOnToolsVersion = 8.3.3;
						DevelopmentTeam = XSV447RL82;
						ProvisioningStyle = Automatic;
						TestTargetID = 164D81741F3A7D3400C8AD6E;
					};
					164D81931F3A7D3400C8AD6E = {
						CreatedOnToolsVersion = 8.3.3;
						DevelopmentTeam = XSV447RL82;
						ProvisioningStyle = Automatic;
						TestTargetID = 164D81741F3A7D3400C8AD6E;
					};
				};
			};
			buildConfigurationList = 164D81701F3A7D3400C8AD6E /* Build configuration list for PBXProject "passive-hangout" */;
			compatibilityVersion = "Xcode 3.2";
			developmentRegion = English;
			hasScannedForEncodings = 0;
			knownRegions = (
				en,
				Base,
			);
			mainGroup = 164D816C1F3A7D3400C8AD6E;
			productRefGroup = 164D81761F3A7D3400C8AD6E /* Products */;
			projectDirPath = "";
			projectRoot = "";
			targets = (
				164D81741F3A7D3400C8AD6E /* passive-hangout */,
				164D81881F3A7D3400C8AD6E /* passive-hangoutTests */,
				164D81931F3A7D3400C8AD6E /* passive-hangoutUITests */,
			);
		};
/* End PBXProject section */

/* Begin PBXResourcesBuildPhase section */
		164D81731F3A7D3400C8AD6E /* Resources */ = {
			isa = PBXResourcesBuildPhase;
			buildActionMask = 2147483647;
			files = (
				164D81831F3A7D3400C8AD6E /* LaunchScreen.storyboard in Resources */,
				164D81801F3A7D3400C8AD6E /* Assets.xcassets in Resources */,
				164D817E1F3A7D3400C8AD6E /* Main.storyboard in Resources */,
				167284381F3F792500F4D8D9 /* GoogleService-Info.plist in Resources */,
			);
			runOnlyForDeploymentPostprocessing = 0;
		};
		164D81871F3A7D3400C8AD6E /* Resources */ = {
			isa = PBXResourcesBuildPhase;
			buildActionMask = 2147483647;
			files = (
				167284391F3F792500F4D8D9 /* GoogleService-Info.plist in Resources */,
			);
			runOnlyForDeploymentPostprocessing = 0;
		};
		164D81921F3A7D3400C8AD6E /* Resources */ = {
			isa = PBXResourcesBuildPhase;
			buildActionMask = 2147483647;
			files = (
				1672843A1F3F792500F4D8D9 /* GoogleService-Info.plist in Resources */,
			);
			runOnlyForDeploymentPostprocessing = 0;
		};
/* End PBXResourcesBuildPhase section */

/* Begin PBXShellScriptBuildPhase section */
		087F5F8908FED3EE23C6D1A7 /* [CP] Copy Pods Resources */ = {
			isa = PBXShellScriptBuildPhase;
			buildActionMask = 2147483647;
			files = (
			);
			inputPaths = (
			);
			name = "[CP] Copy Pods Resources";
			outputPaths = (
			);
			runOnlyForDeploymentPostprocessing = 0;
			shellPath = /bin/sh;
			shellScript = "\"${SRCROOT}/Pods/Target Support Files/Pods-passive-hangoutUITests/Pods-passive-hangoutUITests-resources.sh\"\n";
			showEnvVarsInLog = 0;
		};
		1304323FE7E9FD7DAEB9415D /* [CP] Check Pods Manifest.lock */ = {
			isa = PBXShellScriptBuildPhase;
			buildActionMask = 2147483647;
			files = (
			);
			inputPaths = (
				"${PODS_PODFILE_DIR_PATH}/Podfile.lock",
				"${PODS_ROOT}/Manifest.lock",
			);
			name = "[CP] Check Pods Manifest.lock";
			outputPaths = (
				"$(DERIVED_FILE_DIR)/Pods-passive-hangout-checkManifestLockResult.txt",
			);
			runOnlyForDeploymentPostprocessing = 0;
			shellPath = /bin/sh;
			shellScript = "diff \"${PODS_PODFILE_DIR_PATH}/Podfile.lock\" \"${PODS_ROOT}/Manifest.lock\" > /dev/null\nif [ $? != 0 ] ; then\n    # print error to STDERR\n    echo \"error: The sandbox is not in sync with the Podfile.lock. Run 'pod install' or update your CocoaPods installation.\" >&2\n    exit 1\nfi\n# This output is used by Xcode 'outputs' to avoid re-running this script phase.\necho \"SUCCESS\" > \"${SCRIPT_OUTPUT_FILE_0}\"\n";
			showEnvVarsInLog = 0;
		};
		1F32C104E210C8C3F89A80DF /* [CP] Embed Pods Frameworks */ = {
			isa = PBXShellScriptBuildPhase;
			buildActionMask = 2147483647;
			files = (
			);
			inputPaths = (
			);
			name = "[CP] Embed Pods Frameworks";
			outputPaths = (
			);
			runOnlyForDeploymentPostprocessing = 0;
			shellPath = /bin/sh;
			shellScript = "\"${SRCROOT}/Pods/Target Support Files/Pods-passive-hangoutTests/Pods-passive-hangoutTests-frameworks.sh\"\n";
			showEnvVarsInLog = 0;
		};
		411E3E51A204AF44C7C47F7C /* [CP] Embed Pods Frameworks */ = {
			isa = PBXShellScriptBuildPhase;
			buildActionMask = 2147483647;
			files = (
			);
			inputPaths = (
			);
			name = "[CP] Embed Pods Frameworks";
			outputPaths = (
			);
			runOnlyForDeploymentPostprocessing = 0;
			shellPath = /bin/sh;
			shellScript = "\"${SRCROOT}/Pods/Target Support Files/Pods-passive-hangoutUITests/Pods-passive-hangoutUITests-frameworks.sh\"\n";
			showEnvVarsInLog = 0;
		};
		422D90352C4D1F30BDAB9CBA /* [CP] Copy Pods Resources */ = {
			isa = PBXShellScriptBuildPhase;
			buildActionMask = 2147483647;
			files = (
			);
			inputPaths = (
			);
			name = "[CP] Copy Pods Resources";
			outputPaths = (
			);
			runOnlyForDeploymentPostprocessing = 0;
			shellPath = /bin/sh;
			shellScript = "\"${SRCROOT}/Pods/Target Support Files/Pods-passive-hangoutTests/Pods-passive-hangoutTests-resources.sh\"\n";
			showEnvVarsInLog = 0;
		};
		49527B3F2F2D4382A5C8686E /* [CP] Copy Pods Resources */ = {
			isa = PBXShellScriptBuildPhase;
			buildActionMask = 2147483647;
			files = (
			);
			inputPaths = (
			);
			name = "[CP] Copy Pods Resources";
			outputPaths = (
			);
			runOnlyForDeploymentPostprocessing = 0;
			shellPath = /bin/sh;
			shellScript = "\"${SRCROOT}/Pods/Target Support Files/Pods-passive-hangout/Pods-passive-hangout-resources.sh\"\n";
			showEnvVarsInLog = 0;
		};
		A31D5141862D832FD861935F /* [CP] Check Pods Manifest.lock */ = {
			isa = PBXShellScriptBuildPhase;
			buildActionMask = 2147483647;
			files = (
			);
			inputPaths = (
				"${PODS_PODFILE_DIR_PATH}/Podfile.lock",
				"${PODS_ROOT}/Manifest.lock",
			);
			name = "[CP] Check Pods Manifest.lock";
			outputPaths = (
				"$(DERIVED_FILE_DIR)/Pods-passive-hangoutTests-checkManifestLockResult.txt",
			);
			runOnlyForDeploymentPostprocessing = 0;
			shellPath = /bin/sh;
			shellScript = "diff \"${PODS_PODFILE_DIR_PATH}/Podfile.lock\" \"${PODS_ROOT}/Manifest.lock\" > /dev/null\nif [ $? != 0 ] ; then\n    # print error to STDERR\n    echo \"error: The sandbox is not in sync with the Podfile.lock. Run 'pod install' or update your CocoaPods installation.\" >&2\n    exit 1\nfi\n# This output is used by Xcode 'outputs' to avoid re-running this script phase.\necho \"SUCCESS\" > \"${SCRIPT_OUTPUT_FILE_0}\"\n";
			showEnvVarsInLog = 0;
		};
		CBA4000A8307A0C8EB46E558 /* [CP] Check Pods Manifest.lock */ = {
			isa = PBXShellScriptBuildPhase;
			buildActionMask = 2147483647;
			files = (
			);
			inputPaths = (
				"${PODS_PODFILE_DIR_PATH}/Podfile.lock",
				"${PODS_ROOT}/Manifest.lock",
			);
			name = "[CP] Check Pods Manifest.lock";
			outputPaths = (
				"$(DERIVED_FILE_DIR)/Pods-passive-hangoutUITests-checkManifestLockResult.txt",
			);
			runOnlyForDeploymentPostprocessing = 0;
			shellPath = /bin/sh;
			shellScript = "diff \"${PODS_PODFILE_DIR_PATH}/Podfile.lock\" \"${PODS_ROOT}/Manifest.lock\" > /dev/null\nif [ $? != 0 ] ; then\n    # print error to STDERR\n    echo \"error: The sandbox is not in sync with the Podfile.lock. Run 'pod install' or update your CocoaPods installation.\" >&2\n    exit 1\nfi\n# This output is used by Xcode 'outputs' to avoid re-running this script phase.\necho \"SUCCESS\" > \"${SCRIPT_OUTPUT_FILE_0}\"\n";
			showEnvVarsInLog = 0;
		};
		E044EFDDC18F4F173717B1F1 /* [CP] Embed Pods Frameworks */ = {
			isa = PBXShellScriptBuildPhase;
			buildActionMask = 2147483647;
			files = (
			);
			inputPaths = (
				"${SRCROOT}/Pods/Target Support Files/Pods-passive-hangout/Pods-passive-hangout-frameworks.sh",
				"${BUILT_PRODUCTS_DIR}/Bolts/Bolts.framework",
				"${BUILT_PRODUCTS_DIR}/FBSDKCoreKit/FBSDKCoreKit.framework",
				"${BUILT_PRODUCTS_DIR}/FBSDKLoginKit/FBSDKLoginKit.framework",
				"${BUILT_PRODUCTS_DIR}/FBSDKShareKit/FBSDKShareKit.framework",
				"${BUILT_PRODUCTS_DIR}/FacebookCore/FacebookCore.framework",
				"${BUILT_PRODUCTS_DIR}/FacebookLogin/FacebookLogin.framework",
				"${BUILT_PRODUCTS_DIR}/FacebookShare/FacebookShare.framework",
				"${BUILT_PRODUCTS_DIR}/GTMSessionFetcher/GTMSessionFetcher.framework",
				"${BUILT_PRODUCTS_DIR}/GoogleToolboxForMac/GoogleToolboxForMac.framework",
				"${BUILT_PRODUCTS_DIR}/SwiftKeychainWrapper/SwiftKeychainWrapper.framework",
				"${BUILT_PRODUCTS_DIR}/leveldb-library/leveldb.framework",
				"${BUILT_PRODUCTS_DIR}/nanopb/nanopb.framework",
			);
			name = "[CP] Embed Pods Frameworks";
			outputPaths = (
				"${TARGET_BUILD_DIR}/${FRAMEWORKS_FOLDER_PATH}/Bolts.framework",
				"${TARGET_BUILD_DIR}/${FRAMEWORKS_FOLDER_PATH}/FBSDKCoreKit.framework",
				"${TARGET_BUILD_DIR}/${FRAMEWORKS_FOLDER_PATH}/FBSDKLoginKit.framework",
				"${TARGET_BUILD_DIR}/${FRAMEWORKS_FOLDER_PATH}/FBSDKShareKit.framework",
				"${TARGET_BUILD_DIR}/${FRAMEWORKS_FOLDER_PATH}/FacebookCore.framework",
				"${TARGET_BUILD_DIR}/${FRAMEWORKS_FOLDER_PATH}/FacebookLogin.framework",
				"${TARGET_BUILD_DIR}/${FRAMEWORKS_FOLDER_PATH}/FacebookShare.framework",
				"${TARGET_BUILD_DIR}/${FRAMEWORKS_FOLDER_PATH}/GTMSessionFetcher.framework",
				"${TARGET_BUILD_DIR}/${FRAMEWORKS_FOLDER_PATH}/GoogleToolboxForMac.framework",
				"${TARGET_BUILD_DIR}/${FRAMEWORKS_FOLDER_PATH}/SwiftKeychainWrapper.framework",
				"${TARGET_BUILD_DIR}/${FRAMEWORKS_FOLDER_PATH}/leveldb.framework",
				"${TARGET_BUILD_DIR}/${FRAMEWORKS_FOLDER_PATH}/nanopb.framework",
			);
			runOnlyForDeploymentPostprocessing = 0;
			shellPath = /bin/sh;
			shellScript = "\"${SRCROOT}/Pods/Target Support Files/Pods-passive-hangout/Pods-passive-hangout-frameworks.sh\"\n";
			showEnvVarsInLog = 0;
		};
/* End PBXShellScriptBuildPhase section */

/* Begin PBXSourcesBuildPhase section */
		164D81711F3A7D3400C8AD6E /* Sources */ = {
			isa = PBXSourcesBuildPhase;
			buildActionMask = 2147483647;
			files = (
				16F3CC3E1F8137820095C210 /* FeedCellDelegate.swift in Sources */,
				167540191F3E88F900E86A32 /* SegueFromLeftToRight.swift in Sources */,
				167284361F3F760500F4D8D9 /* ActivityFeedVC.swift in Sources */,
				16D7AFBE1F7C18FF009F317B /* FriendsListVC.swift in Sources */,
				160FEC501F40DDC4001799D0 /* FeedProfilePic.swift in Sources */,
				1615C1671F658BAB00D3DC01 /* ProfileVC.swift in Sources */,
				16EC5C651F413D4C0011BDF5 /* DataService.swift in Sources */,
				168D6BEE1F4CF7C200D29DCA /* NewStatusTextView.swift in Sources */,
				163E92511F3BBC720012D37F /* RoundedView.swift in Sources */,
				16D7AFC41F7C5D4E009F317B /* FriendsListCellDelegate.swift in Sources */,
				1616AC201F747B31004865C9 /* EditProfileVC.swift in Sources */,
				16FE2EDA1F71E01500A24B7D /* PastStatusCellDelegate.swift in Sources */,
				160FEC521F40E9E0001799D0 /* FeedCell.swift in Sources */,
				164D817B1F3A7D3400C8AD6E /* LoginVC.swift in Sources */,
				160267FF1F451A1B00C586D4 /* Users.swift in Sources */,
				168D6BEC1F4CF02500D29DCA /* RoundedPopUp.swift in Sources */,
				16E8A5C41F7DB32E00E717F0 /* ViewProfileVC.swift in Sources */,
				168A326E1F3AAEB500216FF1 /* RoundedButton.swift in Sources */,
				167540171F3E7F0C00E86A32 /* SignUpVC.swift in Sources */,
				167686331F4261D70029595A /* Status.swift in Sources */,
				16D7AFC21F7C2312009F317B /* FriendsListCell.swift in Sources */,
				168D6BEA1F4CEA8200D29DCA /* CircleButton.swift in Sources */,
				16D815201F69F80F00934516 /* PastStatusesCell.swift in Sources */,
				16E578931F8081F8003B41FB /* JoinedListVC.swift in Sources */,
				16E578971F809673003B41FB /* JoinedListCellDelegate.swift in Sources */,
				164D81791F3A7D3400C8AD6E /* AppDelegate.swift in Sources */,
				16E6231F1F7B08D5001BEDBA /* LeaveFeedbackVC.swift in Sources */,
				16D8151E1F69F68500934516 /* PastStatusesVC.swift in Sources */,
				16276E6E1F43AA1C00718CE9 /* Constants.swift in Sources */,
				1675401B1F3E8A2800E86A32 /* SegueFromRightToLeft.swift in Sources */,
				16E578951F8084C3003B41FB /* JoinedListCell.swift in Sources */,
				160FEC4E1F40DB5F001799D0 /* CustomHeader.swift in Sources */,
			);
			runOnlyForDeploymentPostprocessing = 0;
		};
		164D81851F3A7D3400C8AD6E /* Sources */ = {
			isa = PBXSourcesBuildPhase;
			buildActionMask = 2147483647;
			files = (
				164D818E1F3A7D3400C8AD6E /* passive_hangoutTests.swift in Sources */,
			);
			runOnlyForDeploymentPostprocessing = 0;
		};
		164D81901F3A7D3400C8AD6E /* Sources */ = {
			isa = PBXSourcesBuildPhase;
			buildActionMask = 2147483647;
			files = (
				164D81991F3A7D3400C8AD6E /* passive_hangoutUITests.swift in Sources */,
			);
			runOnlyForDeploymentPostprocessing = 0;
		};
/* End PBXSourcesBuildPhase section */

/* Begin PBXTargetDependency section */
		164D818B1F3A7D3400C8AD6E /* PBXTargetDependency */ = {
			isa = PBXTargetDependency;
			target = 164D81741F3A7D3400C8AD6E /* passive-hangout */;
			targetProxy = 164D818A1F3A7D3400C8AD6E /* PBXContainerItemProxy */;
		};
		164D81961F3A7D3400C8AD6E /* PBXTargetDependency */ = {
			isa = PBXTargetDependency;
			target = 164D81741F3A7D3400C8AD6E /* passive-hangout */;
			targetProxy = 164D81951F3A7D3400C8AD6E /* PBXContainerItemProxy */;
		};
/* End PBXTargetDependency section */

/* Begin PBXVariantGroup section */
		164D817C1F3A7D3400C8AD6E /* Main.storyboard */ = {
			isa = PBXVariantGroup;
			children = (
				164D817D1F3A7D3400C8AD6E /* Base */,
			);
			name = Main.storyboard;
			sourceTree = "<group>";
		};
		164D81811F3A7D3400C8AD6E /* LaunchScreen.storyboard */ = {
			isa = PBXVariantGroup;
			children = (
				164D81821F3A7D3400C8AD6E /* Base */,
			);
			name = LaunchScreen.storyboard;
			sourceTree = "<group>";
		};
/* End PBXVariantGroup section */

/* Begin XCBuildConfiguration section */
		164D819B1F3A7D3400C8AD6E /* Debug */ = {
			isa = XCBuildConfiguration;
			buildSettings = {
				ALWAYS_SEARCH_USER_PATHS = NO;
				CLANG_ANALYZER_NONNULL = YES;
				CLANG_ANALYZER_NUMBER_OBJECT_CONVERSION = YES_AGGRESSIVE;
				CLANG_CXX_LANGUAGE_STANDARD = "gnu++0x";
				CLANG_CXX_LIBRARY = "libc++";
				CLANG_ENABLE_MODULES = YES;
				CLANG_ENABLE_OBJC_ARC = YES;
				CLANG_WARN_BOOL_CONVERSION = YES;
				CLANG_WARN_CONSTANT_CONVERSION = YES;
				CLANG_WARN_DIRECT_OBJC_ISA_USAGE = YES_ERROR;
				CLANG_WARN_DOCUMENTATION_COMMENTS = YES;
				CLANG_WARN_EMPTY_BODY = YES;
				CLANG_WARN_ENUM_CONVERSION = YES;
				CLANG_WARN_INFINITE_RECURSION = YES;
				CLANG_WARN_INT_CONVERSION = YES;
				CLANG_WARN_OBJC_ROOT_CLASS = YES_ERROR;
				CLANG_WARN_SUSPICIOUS_MOVE = YES;
				CLANG_WARN_UNREACHABLE_CODE = YES;
				CLANG_WARN__DUPLICATE_METHOD_MATCH = YES;
				"CODE_SIGN_IDENTITY[sdk=iphoneos*]" = "iPhone Developer";
				COPY_PHASE_STRIP = NO;
				DEBUG_INFORMATION_FORMAT = dwarf;
				ENABLE_STRICT_OBJC_MSGSEND = YES;
				ENABLE_TESTABILITY = YES;
				GCC_C_LANGUAGE_STANDARD = gnu99;
				GCC_DYNAMIC_NO_PIC = NO;
				GCC_NO_COMMON_BLOCKS = YES;
				GCC_OPTIMIZATION_LEVEL = 0;
				GCC_PREPROCESSOR_DEFINITIONS = (
					"DEBUG=1",
					"$(inherited)",
				);
				GCC_WARN_64_TO_32_BIT_CONVERSION = YES;
				GCC_WARN_ABOUT_RETURN_TYPE = YES_ERROR;
				GCC_WARN_UNDECLARED_SELECTOR = YES;
				GCC_WARN_UNINITIALIZED_AUTOS = YES_AGGRESSIVE;
				GCC_WARN_UNUSED_FUNCTION = YES;
				GCC_WARN_UNUSED_VARIABLE = YES;
				IPHONEOS_DEPLOYMENT_TARGET = 10.3;
				MTL_ENABLE_DEBUG_INFO = YES;
				ONLY_ACTIVE_ARCH = YES;
				SDKROOT = iphoneos;
				SWIFT_ACTIVE_COMPILATION_CONDITIONS = DEBUG;
				SWIFT_OPTIMIZATION_LEVEL = "-Onone";
			};
			name = Debug;
		};
		164D819C1F3A7D3400C8AD6E /* Release */ = {
			isa = XCBuildConfiguration;
			buildSettings = {
				ALWAYS_SEARCH_USER_PATHS = NO;
				CLANG_ANALYZER_NONNULL = YES;
				CLANG_ANALYZER_NUMBER_OBJECT_CONVERSION = YES_AGGRESSIVE;
				CLANG_CXX_LANGUAGE_STANDARD = "gnu++0x";
				CLANG_CXX_LIBRARY = "libc++";
				CLANG_ENABLE_MODULES = YES;
				CLANG_ENABLE_OBJC_ARC = YES;
				CLANG_WARN_BOOL_CONVERSION = YES;
				CLANG_WARN_CONSTANT_CONVERSION = YES;
				CLANG_WARN_DIRECT_OBJC_ISA_USAGE = YES_ERROR;
				CLANG_WARN_DOCUMENTATION_COMMENTS = YES;
				CLANG_WARN_EMPTY_BODY = YES;
				CLANG_WARN_ENUM_CONVERSION = YES;
				CLANG_WARN_INFINITE_RECURSION = YES;
				CLANG_WARN_INT_CONVERSION = YES;
				CLANG_WARN_OBJC_ROOT_CLASS = YES_ERROR;
				CLANG_WARN_SUSPICIOUS_MOVE = YES;
				CLANG_WARN_UNREACHABLE_CODE = YES;
				CLANG_WARN__DUPLICATE_METHOD_MATCH = YES;
				"CODE_SIGN_IDENTITY[sdk=iphoneos*]" = "iPhone Developer";
				COPY_PHASE_STRIP = NO;
				DEBUG_INFORMATION_FORMAT = "dwarf-with-dsym";
				ENABLE_NS_ASSERTIONS = NO;
				ENABLE_STRICT_OBJC_MSGSEND = YES;
				GCC_C_LANGUAGE_STANDARD = gnu99;
				GCC_NO_COMMON_BLOCKS = YES;
				GCC_WARN_64_TO_32_BIT_CONVERSION = YES;
				GCC_WARN_ABOUT_RETURN_TYPE = YES_ERROR;
				GCC_WARN_UNDECLARED_SELECTOR = YES;
				GCC_WARN_UNINITIALIZED_AUTOS = YES_AGGRESSIVE;
				GCC_WARN_UNUSED_FUNCTION = YES;
				GCC_WARN_UNUSED_VARIABLE = YES;
				IPHONEOS_DEPLOYMENT_TARGET = 10.3;
				MTL_ENABLE_DEBUG_INFO = NO;
				SDKROOT = iphoneos;
				SWIFT_OPTIMIZATION_LEVEL = "-Owholemodule";
				VALIDATE_PRODUCT = YES;
			};
			name = Release;
		};
		164D819E1F3A7D3400C8AD6E /* Debug */ = {
			isa = XCBuildConfiguration;
			baseConfigurationReference = 39C0C944BC330723009222CB /* Pods-passive-hangout.debug.xcconfig */;
			buildSettings = {
				ASSETCATALOG_COMPILER_APPICON_NAME = AppIcon;
				CODE_SIGN_ENTITLEMENTS = "passive-hangout/passive-hangout.entitlements";
				DEVELOPMENT_TEAM = XSV447RL82;
				FRAMEWORK_SEARCH_PATHS = (
					"$(inherited)",
					"$(PROJECT_DIR)",
				);
				INFOPLIST_FILE = "passive-hangout/Info.plist";
				LD_RUNPATH_SEARCH_PATHS = "$(inherited) @executable_path/Frameworks";
				PRODUCT_BUNDLE_IDENTIFIER = "com.jacobshoemaker.passive-hangout";
				PRODUCT_NAME = "$(TARGET_NAME)";
				SWIFT_VERSION = 3.0;
			};
			name = Debug;
		};
		164D819F1F3A7D3400C8AD6E /* Release */ = {
			isa = XCBuildConfiguration;
			baseConfigurationReference = 5871EAB2CFE9E4013A893EC3 /* Pods-passive-hangout.release.xcconfig */;
			buildSettings = {
				ASSETCATALOG_COMPILER_APPICON_NAME = AppIcon;
				CODE_SIGN_ENTITLEMENTS = "passive-hangout/passive-hangout.entitlements";
				DEVELOPMENT_TEAM = XSV447RL82;
				FRAMEWORK_SEARCH_PATHS = (
					"$(inherited)",
					"$(PROJECT_DIR)",
				);
				INFOPLIST_FILE = "passive-hangout/Info.plist";
				LD_RUNPATH_SEARCH_PATHS = "$(inherited) @executable_path/Frameworks";
				PRODUCT_BUNDLE_IDENTIFIER = "com.jacobshoemaker.passive-hangout";
				PRODUCT_NAME = "$(TARGET_NAME)";
				SWIFT_VERSION = 3.0;
			};
			name = Release;
		};
		164D81A11F3A7D3400C8AD6E /* Debug */ = {
			isa = XCBuildConfiguration;
			baseConfigurationReference = A4E19BDFAFF490245E9F3FCE /* Pods-passive-hangoutTests.debug.xcconfig */;
			buildSettings = {
				ALWAYS_EMBED_SWIFT_STANDARD_LIBRARIES = YES;
				BUNDLE_LOADER = "$(TEST_HOST)";
				DEVELOPMENT_TEAM = XSV447RL82;
				INFOPLIST_FILE = "passive-hangoutTests/Info.plist";
				LD_RUNPATH_SEARCH_PATHS = "$(inherited) @executable_path/Frameworks @loader_path/Frameworks";
				PRODUCT_BUNDLE_IDENTIFIER = "com.jacobshoemaker.passive-hangoutTests";
				PRODUCT_NAME = "$(TARGET_NAME)";
				SWIFT_VERSION = 3.0;
				TEST_HOST = "$(BUILT_PRODUCTS_DIR)/passive-hangout.app/passive-hangout";
			};
			name = Debug;
		};
		164D81A21F3A7D3400C8AD6E /* Release */ = {
			isa = XCBuildConfiguration;
			baseConfigurationReference = 4E0D6D2E6B8D461AAC00C567 /* Pods-passive-hangoutTests.release.xcconfig */;
			buildSettings = {
				ALWAYS_EMBED_SWIFT_STANDARD_LIBRARIES = YES;
				BUNDLE_LOADER = "$(TEST_HOST)";
				DEVELOPMENT_TEAM = XSV447RL82;
				INFOPLIST_FILE = "passive-hangoutTests/Info.plist";
				LD_RUNPATH_SEARCH_PATHS = "$(inherited) @executable_path/Frameworks @loader_path/Frameworks";
				PRODUCT_BUNDLE_IDENTIFIER = "com.jacobshoemaker.passive-hangoutTests";
				PRODUCT_NAME = "$(TARGET_NAME)";
				SWIFT_VERSION = 3.0;
				TEST_HOST = "$(BUILT_PRODUCTS_DIR)/passive-hangout.app/passive-hangout";
			};
			name = Release;
		};
		164D81A41F3A7D3400C8AD6E /* Debug */ = {
			isa = XCBuildConfiguration;
			baseConfigurationReference = EF4DB1F649370E7712F72DB7 /* Pods-passive-hangoutUITests.debug.xcconfig */;
			buildSettings = {
				ALWAYS_EMBED_SWIFT_STANDARD_LIBRARIES = YES;
				DEVELOPMENT_TEAM = XSV447RL82;
				INFOPLIST_FILE = "passive-hangoutUITests/Info.plist";
				LD_RUNPATH_SEARCH_PATHS = "$(inherited) @executable_path/Frameworks @loader_path/Frameworks";
				PRODUCT_BUNDLE_IDENTIFIER = "com.jacobshoemaker.passive-hangoutUITests";
				PRODUCT_NAME = "$(TARGET_NAME)";
				SWIFT_VERSION = 3.0;
				TEST_TARGET_NAME = "passive-hangout";
			};
			name = Debug;
		};
		164D81A51F3A7D3400C8AD6E /* Release */ = {
			isa = XCBuildConfiguration;
			baseConfigurationReference = 60E4722C5CB6B5D2093E3070 /* Pods-passive-hangoutUITests.release.xcconfig */;
			buildSettings = {
				ALWAYS_EMBED_SWIFT_STANDARD_LIBRARIES = YES;
				DEVELOPMENT_TEAM = XSV447RL82;
				INFOPLIST_FILE = "passive-hangoutUITests/Info.plist";
				LD_RUNPATH_SEARCH_PATHS = "$(inherited) @executable_path/Frameworks @loader_path/Frameworks";
				PRODUCT_BUNDLE_IDENTIFIER = "com.jacobshoemaker.passive-hangoutUITests";
				PRODUCT_NAME = "$(TARGET_NAME)";
				SWIFT_VERSION = 3.0;
				TEST_TARGET_NAME = "passive-hangout";
			};
			name = Release;
		};
/* End XCBuildConfiguration section */

/* Begin XCConfigurationList section */
		164D81701F3A7D3400C8AD6E /* Build configuration list for PBXProject "passive-hangout" */ = {
			isa = XCConfigurationList;
			buildConfigurations = (
				164D819B1F3A7D3400C8AD6E /* Debug */,
				164D819C1F3A7D3400C8AD6E /* Release */,
			);
			defaultConfigurationIsVisible = 0;
			defaultConfigurationName = Release;
		};
		164D819D1F3A7D3400C8AD6E /* Build configuration list for PBXNativeTarget "passive-hangout" */ = {
			isa = XCConfigurationList;
			buildConfigurations = (
				164D819E1F3A7D3400C8AD6E /* Debug */,
				164D819F1F3A7D3400C8AD6E /* Release */,
			);
			defaultConfigurationIsVisible = 0;
			defaultConfigurationName = Release;
		};
		164D81A01F3A7D3400C8AD6E /* Build configuration list for PBXNativeTarget "passive-hangoutTests" */ = {
			isa = XCConfigurationList;
			buildConfigurations = (
				164D81A11F3A7D3400C8AD6E /* Debug */,
				164D81A21F3A7D3400C8AD6E /* Release */,
			);
			defaultConfigurationIsVisible = 0;
			defaultConfigurationName = Release;
		};
		164D81A31F3A7D3400C8AD6E /* Build configuration list for PBXNativeTarget "passive-hangoutUITests" */ = {
			isa = XCConfigurationList;
			buildConfigurations = (
				164D81A41F3A7D3400C8AD6E /* Debug */,
				164D81A51F3A7D3400C8AD6E /* Release */,
			);
			defaultConfigurationIsVisible = 0;
			defaultConfigurationName = Release;
		};
/* End XCConfigurationList section */
	};
	rootObject = 164D816D1F3A7D3400C8AD6E /* Project object */;
}
